{
  "name": "taste-test",
  "version": "0.1.0",
  "lockfileVersion": 2,
  "requires": true,
  "packages": {
    "": {
      "name": "taste-test",
      "version": "0.1.0",
      "license": "ISC",
      "dependencies": {
        "cmd-colour": "^1.0.0"
      }
    },
    "node_modules/cmd-colour": {
      "version": "1.0.0",
      "resolved": "https://registry.npmjs.org/cmd-colour/-/cmd-colour-1.0.0.tgz",
      "integrity": "sha512-oi3GIkTurSnxOsZWuCcd+dCSAfz42UJ5v+Oa0VmLyywqlLlYWUx79zLLs8uPUkTmbD04r5HWgXY+huseSh7zZw=="
    }
  },
  "dependencies": {
    "cmd-colour": {
      "version": "1.0.0",
      "resolved": "https://registry.npmjs.org/cmd-colour/-/cmd-colour-1.0.0.tgz",
      "integrity": "sha512-oi3GIkTurSnxOsZWuCcd+dCSAfz42UJ5v+Oa0VmLyywqlLlYWUx79zLLs8uPUkTmbD04r5HWgXY+huseSh7zZw=="
    }
  }
}
